// !$*UTF8*$!
{
	archiveVersion = 1;
	classes = {
	};
	objectVersion = 77;
	objects = {

/* Begin PBXBuildFile section */
		484E5CF271B6AE60C3EC4C57 /* GoogleService-Info.plist in Resources */ = {isa = PBXBuildFile; fileRef = 51259BDDF1D5491E5046692A /* GoogleService-Info.plist */; };
		6EAC72D8302F7A770032B1FD /* FirebaseAuth in Frameworks */ = {isa = PBXBuildFile; productRef = 4A98A77E8FDE17E83AEB4B1D /* FirebaseAuth */; };
		6EAC72D9302F7A770032B1FD /* FirebaseCore in Frameworks */ = {isa = PBXBuildFile; productRef = 6E8A85DAB3152BCA54FDA43D /* FirebaseCore */; };
		6EAC72DA302F7A770032B1FD /* GoogleMobileAds in Frameworks */ = {isa = PBXBuildFile; productRef = 9D3DD5B6EB95A16AB561CFCA /* GoogleMobileAds */; };
		711BC238B1557776EA426539 /* GoogleMobileAds in Frameworks */ = {isa = PBXBuildFile; productRef = 9D3DD5B6EB95A16AB561CFCA /* GoogleMobileAds */; };
		7719D495ECFC9E909283B10B /* FirebaseAuth in Frameworks */ = {isa = PBXBuildFile; productRef = 4A98A77E8FDE17E83AEB4B1D /* FirebaseAuth */; };
		C7713C8C053A961FA2A54BB2 /* FirebaseCore in Frameworks */ = {isa = PBXBuildFile; productRef = 6E8A85DAB3152BCA54FDA43D /* FirebaseCore */; };
/* End PBXBuildFile section */

/* Begin PBXContainerItemProxy section */
		6EAC71AF302F6DDD0032B1FD /* PBXContainerItemProxy */ = {
			isa = PBXContainerItemProxy;
			containerPortal = 6EAC7199302F6DDC0032B1FD /* Project object */;
			proxyType = 1;
			remoteGlobalIDString = 6EAC71A0302F6DDD0032B1FD;
			remoteInfo = Photon;
		};
		6EAC71B9302F6DDD0032B1FD /* PBXContainerItemProxy */ = {
			isa = PBXContainerItemProxy;
			containerPortal = 6EAC7199302F6DDC0032B1FD /* Project object */;
			proxyType = 1;
			remoteGlobalIDString = 6EAC71A0302F6DDD0032B1FD;
			remoteInfo = Photon;
		};
/* End PBXContainerItemProxy section */

/* Begin PBXFileReference section */
		51259BDDF1D5491E5046692A /* GoogleService-Info.plist */ = {isa = PBXFileReference; explicitFileType = text.plist; name = "GoogleService-Info.plist"; path = "Photon/GoogleService-Info.plist"; sourceTree = "<group>"; };
		6EAC71A1302F6DDD0032B1FD /* Photon.app */ = {isa = PBXFileReference; explicitFileType = wrapper.application; includeInIndex = 0; path = Photon.app; sourceTree = BUILT_PRODUCTS_DIR; };
		6EAC71AE302F6DDD0032B1FD /* PhotonTests.xctest */ = {isa = PBXFileReference; explicitFileType = wrapper.cfbundle; includeInIndex = 0; path = PhotonTests.xctest; sourceTree = BUILT_PRODUCTS_DIR; };
		6EAC71B8302F6DDD0032B1FD /* PhotonUITests.xctest */ = {isa = PBXFileReference; explicitFileType = wrapper.cfbundle; includeInIndex = 0; path = PhotonUITests.xctest; sourceTree = BUILT_PRODUCTS_DIR; };
/* End PBXFileReference section */

/* Begin PBXFileSystemSynchronizedRootGroup section */
		6EAC71A3302F6DDD0032B1FD /* Photon */ = {
			isa = PBXFileSystemSynchronizedRootGroup;
			path = Photon;
			sourceTree = "<group>";
		};
		6EAC71B1302F6DDD0032B1FD /* PhotonTests */ = {
			isa = PBXFileSystemSynchronizedRootGroup;
			path = PhotonTests;
			sourceTree = "<group>";
		};
		6EAC71BB302F6DDD0032B1FD /* PhotonUITests */ = {
			isa = PBXFileSystemSynchronizedRootGroup;
			path = PhotonUITests;
			sourceTree = "<group>";
		};
/* End PBXFileSystemSynchronizedRootGroup section */

/* Begin PBXFrameworksBuildPhase section */
		6EAC719E302F6DDD0032B1FD /* Frameworks */ = {
			isa = PBXFrameworksBuildPhase;
			buildActionMask = 2147483647;
			files = (
				6EAC72D9302F7A770032B1FD /* FirebaseCore in Frameworks */,
				6EAC72D8302F7A770032B1FD /* FirebaseAuth in Frameworks */,
				6EAC72DA302F7A770032B1FD /* GoogleMobileAds in Frameworks */,
			);
			runOnlyForDeploymentPostprocessing = 0;
		};
		6EAC71AB302F6DDD0032B1FD /* Frameworks */ = {
			isa = PBXFrameworksBuildPhase;
			buildActionMask = 2147483647;
			files = (
				C7713C8C053A961FA2A54BB2 /* FirebaseCore in Frameworks */,
				7719D495ECFC9E909283B10B /* FirebaseAuth in Frameworks */,
				711BC238B1557776EA426539 /* GoogleMobileAds in Frameworks */,
			);
			runOnlyForDeploymentPostprocessing = 0;
		};
		6EAC71B5302F6DDD0032B1FD /* Frameworks */ = {
			isa = PBXFrameworksBuildPhase;
			buildActionMask = 2147483647;
			files = (
			);
			runOnlyForDeploymentPostprocessing = 0;
		};
/* End PBXFrameworksBuildPhase section */

/* Begin PBXGroup section */
		6EAC7198302F6DDC0032B1FD = {
			isa = PBXGroup;
			children = (
				6EAC71A3302F6DDD0032B1FD /* Photon */,
				6EAC71B1302F6DDD0032B1FD /* PhotonTests */,
				6EAC71BB302F6DDD0032B1FD /* PhotonUITests */,
				6EAC71A2302F6DDD0032B1FD /* Products */,
				51259BDDF1D5491E5046692A /* GoogleService-Info.plist */,
			);
			sourceTree = "<group>";
		};
		6EAC71A2302F6DDD0032B1FD /* Products */ = {
			isa = PBXGroup;
			children = (
				6EAC71A1302F6DDD0032B1FD /* Photon.app */,
				6EAC71AE302F6DDD0032B1FD /* PhotonTests.xctest */,
				6EAC71B8302F6DDD0032B1FD /* PhotonUITests.xctest */,
			);
			name = Products;
			sourceTree = "<group>";
		};
/* End PBXGroup section */

/* Begin PBXNativeTarget section */
		6EAC71A0302F6DDD0032B1FD /* Photon */ = {
			isa = PBXNativeTarget;
			buildConfigurationList = 6EAC71C2302F6DDD0032B1FD /* Build configuration list for PBXNativeTarget "Photon" */;
			buildPhases = (
				6EAC719D302F6DDD0032B1FD /* Sources */,
				6EAC719E302F6DDD0032B1FD /* Frameworks */,
				6EAC719F302F6DDD0032B1FD /* Resources */,
			);
			buildRules = (
			);
			dependencies = (
			);
			fileSystemSynchronizedGroups = (
				6EAC71A3302F6DDD0032B1FD /* Photon */,
			);
			name = Photon;
			packageProductDependencies = (
				4A98A77E8FDE17E83AEB4B1D /* FirebaseAuth */,
				6E8A85DAB3152BCA54FDA43D /* FirebaseCore */,
				9D3DD5B6EB95A16AB561CFCA /* GoogleMobileAds */,
			);
			productName = Photon;
			productReference = 6EAC71A1302F6DDD0032B1FD /* Photon.app */;
			productType = "com.apple.product-type.application";
		};
		6EAC71AD302F6DDD0032B1FD /* PhotonTests */ = {
			isa = PBXNativeTarget;
			buildConfigurationList = 6EAC71C5302F6DDD0032B1FD /* Build configuration list for PBXNativeTarget "PhotonTests" */;
			buildPhases = (
				6EAC71AA302F6DDD0032B1FD /* Sources */,
				6EAC71AB302F6DDD0032B1FD /* Frameworks */,
				6EAC71AC302F6DDD0032B1FD /* Resources */,
			);
			buildRules = (
			);
			dependencies = (
				6EAC71B0302F6DDD0032B1FD /* PBXTargetDependency */,
			);
			fileSystemSynchronizedGroups = (
				6EAC71B1302F6DDD0032B1FD /* PhotonTests */,
			);
			name = PhotonTests;
			packageProductDependencies = (
				6E8A85DAB3152BCA54FDA43D /* FirebaseCore */,
				4A98A77E8FDE17E83AEB4B1D /* FirebaseAuth */,
				9D3DD5B6EB95A16AB561CFCA /* GoogleMobileAds */,
			);
			productName = PhotonTests;
			productReference = 6EAC71AE302F6DDD0032B1FD /* PhotonTests.xctest */;
			productType = "com.apple.product-type.bundle.unit-test";
		};
		6EAC71B7302F6DDD0032B1FD /* PhotonUITests */ = {
			isa = PBXNativeTarget;
			buildConfigurationList = 6EAC71C8302F6DDD0032B1FD /* Build configuration list for PBXNativeTarget "PhotonUITests" */;
			buildPhases = (
				6EAC71B4302F6DDD0032B1FD /* Sources */,
				6EAC71B5302F6DDD0032B1FD /* Frameworks */,
				6EAC71B6302F6DDD0032B1FD /* Resources */,
			);
			buildRules = (
			);
			dependencies = (
				6EAC71BA302F6DDD0032B1FD /* PBXTargetDependency */,
			);
			fileSystemSynchronizedGroups = (
				6EAC71BB302F6DDD0032B1FD /* PhotonUITests */,
			);
			name = PhotonUITests;
			packageProductDependencies = (
			);
			productName = PhotonUITests;
			productReference = 6EAC71B8302F6DDD0032B1FD /* PhotonUITests.xctest */;
			productType = "com.apple.product-type.bundle.ui-testing";
		};
/* End PBXNativeTarget section */

/* Begin PBXProject section */
		6EAC7199302F6DDC0032B1FD /* Project object */ = {
			isa = PBXProject;
			attributes = {
				BuildIndependentTargetsInParallel = 1;
				LastSwiftUpdateCheck = 2660;
				LastUpgradeCheck = 2660;
				TargetAttributes = {
					6EAC71A0302F6DDD0032B1FD = {
						CreatedOnToolsVersion = 26.6;
					};
					6EAC71AD302F6DDD0032B1FD = {
						CreatedOnToolsVersion = 26.6;
						TestTargetID = 6EAC71A0302F6DDD0032B1FD;
					};
					6EAC71B7302F6DDD0032B1FD = {
						CreatedOnToolsVersion = 26.6;
						TestTargetID = 6EAC71A0302F6DDD0032B1FD;
					};
				};
			};
			buildConfigurationList = 6EAC719C302F6DDC0032B1FD /* Build configuration list for PBXProject "Photon" */;
			developmentRegion = en;
			hasScannedForEncodings = 0;
			knownRegions = (
				en,
				Base,
			);
			mainGroup = 6EAC7198302F6DDC0032B1FD;
			minimizedProjectReferenceProxies = 1;
			packageReferences = (
				D26296622A454939EDF093C5 /* XCRemoteSwiftPackageReference "firebase-ios-sdk" */,
				C833BA79CBE71484EB279B11 /* XCRemoteSwiftPackageReference "swift-package-manager-google-mobile-ads" */,
			);
			preferredProjectObjectVersion = 77;
			productRefGroup = 6EAC71A2302F6DDD0032B1FD /* Products */;
			projectDirPath = "";
			projectRoot = "";
			targets = (
				6EAC71A0302F6DDD0032B1FD /* Photon */,
				6EAC71AD302F6DDD0032B1FD /* PhotonTests */,
				6EAC71B7302F6DDD0032B1FD /* PhotonUITests */,
			);
		};
/* End PBXProject section */

/* Begin PBXResourcesBuildPhase section */
		6EAC719F302F6DDD0032B1FD /* Resources */ = {
			isa = PBXResourcesBuildPhase;
			buildActionMask = 2147483647;
			files = (
			);
			runOnlyForDeploymentPostprocessing = 0;
		};
		6EAC71AC302F6DDD0032B1FD /* Resources */ = {
			isa = PBXResourcesBuildPhase;
			buildActionMask = 2147483647;
			files = (
				484E5CF271B6AE60C3EC4C57 /* GoogleService-Info.plist in Resources */,
			);
			runOnlyForDeploymentPostprocessing = 0;
		};
		6EAC71B6302F6DDD0032B1FD /* Resources */ = {
			isa = PBXResourcesBuildPhase;
			buildActionMask = 2147483647;
			files = (
			);
			runOnlyForDeploymentPostprocessing = 0;
		};
/* End PBXResourcesBuildPhase section */

/* Begin PBXSourcesBuildPhase section */
		6EAC719D302F6DDD0032B1FD /* Sources */ = {
			isa = PBXSourcesBuildPhase;
			buildActionMask = 2147483647;
			files = (
			);
			runOnlyForDeploymentPostprocessing = 0;
		};
		6EAC71AA302F6DDD0032B1FD /* Sources */ = {
			isa = PBXSourcesBuildPhase;
			buildActionMask = 2147483647;
			files = (
			);
			runOnlyForDeploymentPostprocessing = 0;
		};
		6EAC71B4302F6DDD0032B1FD /* Sources */ = {
			isa = PBXSourcesBuildPhase;
			buildActionMask = 2147483647;
			files = (
			);
			runOnlyForDeploymentPostprocessing = 0;
		};
/* End PBXSourcesBuildPhase section */

/* Begin PBXTargetDependency section */
		6EAC71B0302F6DDD0032B1FD /* PBXTargetDependency */ = {
			isa = PBXTargetDependency;
			target = 6EAC71A0302F6DDD0032B1FD /* Photon */;
			targetProxy = 6EAC71AF302F6DDD0032B1FD /* PBXContainerItemProxy */;
		};
		6EAC71BA302F6DDD0032B1FD /* PBXTargetDependency */ = {
			isa = PBXTargetDependency;
			target = 6EAC71A0302F6DDD0032B1FD /* Photon */;
			targetProxy = 6EAC71B9302F6DDD0032B1FD /* PBXContainerItemProxy */;
		};
/* End PBXTargetDependency section */

/* Begin XCBuildConfiguration section */
		6EAC71C0302F6DDD0032B1FD /* Debug */ = {
			isa = XCBuildConfiguration;
			buildSettings = {
				ALWAYS_SEARCH_USER_PATHS = NO;
				ASSETCATALOG_COMPILER_GENERATE_SWIFT_ASSET_SYMBOL_EXTENSIONS = YES;
				CLANG_ANALYZER_NONNULL = YES;
				CLANG_ANALYZER_NUMBER_OBJECT_CONVERSION = YES_AGGRESSIVE;
				CLANG_CXX_LANGUAGE_STANDARD = "gnu++20";
				CLANG_ENABLE_MODULES = YES;
				CLANG_ENABLE_OBJC_ARC = YES;
				CLANG_ENABLE_OBJC_WEAK = YES;
				CLANG_WARN_BLOCK_CAPTURE_AUTORELEASING = YES;
				CLANG_WARN_BOOL_CONVERSION = YES;
				CLANG_WARN_COMMA = YES;
				CLANG_WARN_CONSTANT_CONVERSION = YES;
				CLANG_WARN_DEPRECATED_OBJC_IMPLEMENTATIONS = YES;
				CLANG_WARN_DIRECT_OBJC_ISA_USAGE = YES_ERROR;
				CLANG_WARN_DOCUMENTATION_COMMENTS = YES;
				CLANG_WARN_EMPTY_BODY = YES;
				CLANG_WARN_ENUM_CONVERSION = YES;
				CLANG_WARN_INFINITE_RECURSION = YES;
				CLANG_WARN_INT_CONVERSION = YES;
				CLANG_WARN_NON_LITERAL_NULL_CONVERSION = YES;
				CLANG_WARN_OBJC_IMPLICIT_RETAIN_SELF = YES;
				CLANG_WARN_OBJC_LITERAL_CONVERSION = YES;
				CLANG_WARN_OBJC_ROOT_CLASS = YES_ERROR;
				CLANG_WARN_QUOTED_INCLUDE_IN_FRAMEWORK_HEADER = YES;
				CLANG_WARN_RANGE_LOOP_ANALYSIS = YES;
				CLANG_WARN_STRICT_PROTOTYPES = YES;
				CLANG_WARN_SUSPICIOUS_MOVE = YES;
				CLANG_WARN_UNGUARDED_AVAILABILITY = YES_AGGRESSIVE;
				CLANG_WARN_UNREACHABLE_CODE = YES;
				CLANG_WARN__DUPLICATE_METHOD_MATCH = YES;
				COPY_PHASE_STRIP = NO;
				DEBUG_INFORMATION_FORMAT = dwarf;
				DEVELOPMENT_TEAM = NL34RBMGJ5;
				ENABLE_STRICT_OBJC_MSGSEND = YES;
				ENABLE_TESTABILITY = YES;
				ENABLE_USER_SCRIPT_SANDBOXING = YES;
				GCC_C_LANGUAGE_STANDARD = gnu17;
				GCC_DYNAMIC_NO_PIC = NO;
				GCC_NO_COMMON_BLOCKS = YES;
				GCC_OPTIMIZATION_LEVEL = 0;
				GCC_PREPROCESSOR_DEFINITIONS = (
					"DEBUG=1",
					"$(inherited)",
				);
				GCC_WARN_64_TO_32_BIT_CONVERSION = YES;
				GCC_WARN_ABOUT_RETURN_TYPE = YES_ERROR;
				GCC_WARN_UNDECLARED_SELECTOR = YES;
				GCC_WARN_UNINITIALIZED_AUTOS = YES_AGGRESSIVE;
				GCC_WARN_UNUSED_FUNCTION = YES;
				GCC_WARN_UNUSED_VARIABLE = YES;
				IPHONEOS_DEPLOYMENT_TARGET = 26.5;
				LOCALIZATION_PREFERS_STRING_CATALOGS = YES;
				MTL_ENABLE_DEBUG_INFO = INCLUDE_SOURCE;
				MTL_FAST_MATH = YES;
				ONLY_ACTIVE_ARCH = YES;
				SDKROOT = iphoneos;
				SWIFT_ACTIVE_COMPILATION_CONDITIONS = "DEBUG $(inherited)";
				SWIFT_OPTIMIZATION_LEVEL = "-Onone";
			};
			name = Debug;
		};
		6EAC71C1302F6DDD0032B1FD /* Release */ = {
			isa = XCBuildConfiguration;
			buildSettings = {
				ALWAYS_SEARCH_USER_PATHS = NO;
				ASSETCATALOG_COMPILER_GENERATE_SWIFT_ASSET_SYMBOL_EXTENSIONS = YES;
				CLANG_ANALYZER_NONNULL = YES;
				CLANG_ANALYZER_NUMBER_OBJECT_CONVERSION = YES_AGGRESSIVE;
				CLANG_CXX_LANGUAGE_STANDARD = "gnu++20";
				CLANG_ENABLE_MODULES = YES;
				CLANG_ENABLE_OBJC_ARC = YES;
				CLANG_ENABLE_OBJC_WEAK = YES;
				CLANG_WARN_BLOCK_CAPTURE_AUTORELEASING = YES;
				CLANG_WARN_BOOL_CONVERSION = YES;
				CLANG_WARN_COMMA = YES;
				CLANG_WARN_CONSTANT_CONVERSION = YES;
				CLANG_WARN_DEPRECATED_OBJC_IMPLEMENTATIONS = YES;
				CLANG_WARN_DIRECT_OBJC_ISA_USAGE = YES_ERROR;
				CLANG_WARN_DOCUMENTATION_COMMENTS = YES;
				CLANG_WARN_EMPTY_BODY = YES;
				CLANG_WARN_ENUM_CONVERSION = YES;
				CLANG_WARN_INFINITE_RECURSION = YES;
				CLANG_WARN_INT_CONVERSION = YES;
				CLANG_WARN_NON_LITERAL_NULL_CONVERSION = YES;
				CLANG_WARN_OBJC_IMPLICIT_RETAIN_SELF = YES;
				CLANG_WARN_OBJC_LITERAL_CONVERSION = YES;
				CLANG_WARN_OBJC_ROOT_CLASS = YES_ERROR;
				CLANG_WARN_QUOTED_INCLUDE_IN_FRAMEWORK_HEADER = YES;
				CLANG_WARN_RANGE_LOOP_ANALYSIS = YES;
				CLANG_WARN_STRICT_PROTOTYPES = YES;
				CLANG_WARN_SUSPICIOUS_MOVE = YES;
				CLANG_WARN_UNGUARDED_AVAILABILITY = YES_AGGRESSIVE;
				CLANG_WARN_UNREACHABLE_CODE = YES;
				CLANG_WARN__DUPLICATE_METHOD_MATCH = YES;
				COPY_PHASE_STRIP = NO;
				DEBUG_INFORMATION_FORMAT = "dwarf-with-dsym";
				DEVELOPMENT_TEAM = NL34RBMGJ5;
				ENABLE_NS_ASSERTIONS = NO;
				ENABLE_STRICT_OBJC_MSGSEND = YES;
				ENABLE_USER_SCRIPT_SANDBOXING = YES;
				GCC_C_LANGUAGE_STANDARD = gnu17;
				GCC_NO_COMMON_BLOCKS = YES;
				GCC_WARN_64_TO_32_BIT_CONVERSION = YES;
				GCC_WARN_ABOUT_RETURN_TYPE = YES_ERROR;
				GCC_WARN_UNDECLARED_SELECTOR = YES;
				GCC_WARN_UNINITIALIZED_AUTOS = YES_AGGRESSIVE;
				GCC_WARN_UNUSED_FUNCTION = YES;
				GCC_WARN_UNUSED_VARIABLE = YES;
				IPHONEOS_DEPLOYMENT_TARGET = 26.5;
				LOCALIZATION_PREFERS_STRING_CATALOGS = YES;
				MTL_ENABLE_DEBUG_INFO = NO;
				MTL_FAST_MATH = YES;
				SDKROOT = iphoneos;
				SWIFT_COMPILATION_MODE = wholemodule;
				VALIDATE_PRODUCT = YES;
			};
			name = Release;
		};
		6EAC71C3302F6DDD0032B1FD /* Debug */ = {
			isa = XCBuildConfiguration;
			buildSettings = {
				ASSETCATALOG_COMPILER_APPICON_NAME = AppIcon;
				ASSETCATALOG_COMPILER_GLOBAL_ACCENT_COLOR_NAME = AccentColor;
				CODE_SIGN_ENTITLEMENTS = Photon/Photon.entitlements;
				CODE_SIGN_STYLE = Automatic;
				CURRENT_PROJECT_VERSION = 1;
				DEVELOPMENT_TEAM = NL34RBMGJ5;
				ENABLE_PREVIEWS = NO;
				FRAMEWORK_SEARCH_PATHS = (
					"$(inherited)",
					"$(BUILT_PRODUCTS_DIR)",
					"$(BUILT_PRODUCTS_DIR)/PackageFrameworks",
				);
				GENERATE_INFOPLIST_FILE = NO;
				INFOPLIST_FILE = Info.plist;
				INFOPLIST_KEY_CFBundleDisplayName = Phonla;
				LD_RUNPATH_SEARCH_PATHS = (
					"$(inherited)",
					"@executable_path/Frameworks",
				);
				MARKETING_VERSION = 1.0;
				OTHER_LDFLAGS = (
					"$(inherited)",
					"-ObjC",
					"-framework",
					"GoogleMobileAds",
					"-framework",
					"UserMessagingPlatform",
				);
				PRODUCT_BUNDLE_IDENTIFIER = com.alafteknoloji.photon;
				PRODUCT_NAME = "$(TARGET_NAME)";
				STRING_CATALOG_GENERATE_SYMBOLS = YES;
				SWIFT_APPROACHABLE_CONCURRENCY = YES;
				SWIFT_DEFAULT_ACTOR_ISOLATION = MainActor;
				SWIFT_EMIT_LOC_STRINGS = YES;
				SWIFT_UPCOMING_FEATURE_MEMBER_IMPORT_VISIBILITY = YES;
				SWIFT_VERSION = 5.0;
				TARGETED_DEVICE_FAMILY = "1,2";
			};
			name = Debug;
		};
		6EAC71C4302F6DDD0032B1FD /* Release */ = {
			isa = XCBuildConfiguration;
			buildSettings = {
				ASSETCATALOG_COMPILER_APPICON_NAME = AppIcon;
				ASSETCATALOG_COMPILER_GLOBAL_ACCENT_COLOR_NAME = AccentColor;
				CODE_SIGN_ENTITLEMENTS = Photon/Photon.entitlements;
				CODE_SIGN_STYLE = Automatic;
				CURRENT_PROJECT_VERSION = 1;
				DEVELOPMENT_TEAM = NL34RBMGJ5;
				ENABLE_PREVIEWS = NO;
				FRAMEWORK_SEARCH_PATHS = (
					"$(inherited)",
					"$(BUILT_PRODUCTS_DIR)",
					"$(BUILT_PRODUCTS_DIR)/PackageFrameworks",
				);
				GENERATE_INFOPLIST_FILE = NO;
				INFOPLIST_FILE = Info.plist;
				INFOPLIST_KEY_CFBundleDisplayName = Phonla;
				LD_RUNPATH_SEARCH_PATHS = (
					"$(inherited)",
					"@executable_path/Frameworks",
				);
				MARKETING_VERSION = 1.0;
				OTHER_LDFLAGS = (
					"$(inherited)",
					"-ObjC",
					"-framework",
					"GoogleMobileAds",
					"-framework",
					"UserMessagingPlatform",
				);
				PRODUCT_BUNDLE_IDENTIFIER = com.alafteknoloji.photon;
				PRODUCT_NAME = "$(TARGET_NAME)";
				STRING_CATALOG_GENERATE_SYMBOLS = YES;
				SWIFT_APPROACHABLE_CONCURRENCY = YES;
				SWIFT_DEFAULT_ACTOR_ISOLATION = MainActor;
				SWIFT_EMIT_LOC_STRINGS = YES;
				SWIFT_UPCOMING_FEATURE_MEMBER_IMPORT_VISIBILITY = YES;
				SWIFT_VERSION = 5.0;
				TARGETED_DEVICE_FAMILY = "1,2";
			};
			name = Release;
		};
		6EAC71C6302F6DDD0032B1FD /* Debug */ = {
			isa = XCBuildConfiguration;
			buildSettings = {
				BUNDLE_LOADER = "$(TEST_HOST)";
				CODE_SIGN_STYLE = Automatic;
				CURRENT_PROJECT_VERSION = 1;
				DEVELOPMENT_TEAM = NL34RBMGJ5;
				FRAMEWORK_SEARCH_PATHS = (
					"$(inherited)",
					"$(BUILT_PRODUCTS_DIR)",
					"$(BUILT_PRODUCTS_DIR)/PackageFrameworks",
				);
				GENERATE_INFOPLIST_FILE = YES;
				IPHONEOS_DEPLOYMENT_TARGET = 26.5;
				MARKETING_VERSION = 1.0;
				OTHER_LDFLAGS = (
					"$(inherited)",
					"-ObjC",
				);
				PRODUCT_BUNDLE_IDENTIFIER = com.alafteknoloji.PhotonTests;
				PRODUCT_NAME = "$(TARGET_NAME)";
				STRING_CATALOG_GENERATE_SYMBOLS = NO;
				SWIFT_APPROACHABLE_CONCURRENCY = YES;
				SWIFT_EMIT_LOC_STRINGS = NO;
				SWIFT_UPCOMING_FEATURE_MEMBER_IMPORT_VISIBILITY = YES;
				SWIFT_VERSION = 5.0;
				TARGETED_DEVICE_FAMILY = "1,2";
				TEST_HOST = "$(BUILT_PRODUCTS_DIR)/Photon.app/$(BUNDLE_EXECUTABLE_FOLDER_PATH)/Photon";
			};
			name = Debug;
		};
		6EAC71C7302F6DDD0032B1FD /* Release */ = {
			isa = XCBuildConfiguration;
			buildSettings = {
				BUNDLE_LOADER = "$(TEST_HOST)";
				CODE_SIGN_STYLE = Automatic;
				CURRENT_PROJECT_VERSION = 1;
				DEVELOPMENT_TEAM = NL34RBMGJ5;
				FRAMEWORK_SEARCH_PATHS = (
					"$(inherited)",
					"$(BUILT_PRODUCTS_DIR)",
					"$(BUILT_PRODUCTS_DIR)/PackageFrameworks",
				);
				GENERATE_INFOPLIST_FILE = YES;
				IPHONEOS_DEPLOYMENT_TARGET = 26.5;
				MARKETING_VERSION = 1.0;
				OTHER_LDFLAGS = (
					"$(inherited)",
					"-ObjC",
				);
				PRODUCT_BUNDLE_IDENTIFIER = com.alafteknoloji.PhotonTests;
				PRODUCT_NAME = "$(TARGET_NAME)";
				STRING_CATALOG_GENERATE_SYMBOLS = NO;
				SWIFT_APPROACHABLE_CONCURRENCY = YES;
				SWIFT_EMIT_LOC_STRINGS = NO;
				SWIFT_UPCOMING_FEATURE_MEMBER_IMPORT_VISIBILITY = YES;
				SWIFT_VERSION = 5.0;
				TARGETED_DEVICE_FAMILY = "1,2";
				TEST_HOST = "$(BUILT_PRODUCTS_DIR)/Photon.app/$(BUNDLE_EXECUTABLE_FOLDER_PATH)/Photon";
			};
			name = Release;
		};
		6EAC71C9302F6DDD0032B1FD /* Debug */ = {
			isa = XCBuildConfiguration;
			buildSettings = {
				CODE_SIGN_STYLE = Automatic;
				CURRENT_PROJECT_VERSION = 1;
				DEVELOPMENT_TEAM = NL34RBMGJ5;
				GENERATE_INFOPLIST_FILE = YES;
				MARKETING_VERSION = 1.0;
				PRODUCT_BUNDLE_IDENTIFIER = com.alafteknoloji.PhotonUITests;
				PRODUCT_NAME = "$(TARGET_NAME)";
				STRING_CATALOG_GENERATE_SYMBOLS = NO;
				SWIFT_APPROACHABLE_CONCURRENCY = YES;
				SWIFT_EMIT_LOC_STRINGS = NO;
				SWIFT_UPCOMING_FEATURE_MEMBER_IMPORT_VISIBILITY = YES;
				SWIFT_VERSION = 5.0;
				TARGETED_DEVICE_FAMILY = "1,2";
				TEST_TARGET_NAME = Photon;
			};
			name = Debug;
		};
		6EAC71CA302F6DDD0032B1FD /* Release */ = {
			isa = XCBuildConfiguration;
			buildSettings = {
				CODE_SIGN_STYLE = Automatic;
				CURRENT_PROJECT_VERSION = 1;
				DEVELOPMENT_TEAM = NL34RBMGJ5;
				GENERATE_INFOPLIST_FILE = YES;
				MARKETING_VERSION = 1.0;
				PRODUCT_BUNDLE_IDENTIFIER = com.alafteknoloji.PhotonUITests;
				PRODUCT_NAME = "$(TARGET_NAME)";
				STRING_CATALOG_GENERATE_SYMBOLS = NO;
				SWIFT_APPROACHABLE_CONCURRENCY = YES;
				SWIFT_EMIT_LOC_STRINGS = NO;
				SWIFT_UPCOMING_FEATURE_MEMBER_IMPORT_VISIBILITY = YES;
				SWIFT_VERSION = 5.0;
				TARGETED_DEVICE_FAMILY = "1,2";
				TEST_TARGET_NAME = Photon;
			};
			name = Release;
		};
/* End XCBuildConfiguration section */

/* Begin XCConfigurationList section */
		6EAC719C302F6DDC0032B1FD /* Build configuration list for PBXProject "Photon" */ = {
			isa = XCConfigurationList;
			buildConfigurations = (
				6EAC71C0302F6DDD0032B1FD /* Debug */,
				6EAC71C1302F6DDD0032B1FD /* Release */,
			);
			defaultConfigurationIsVisible = 0;
			defaultConfigurationName = Release;
		};
		6EAC71C2302F6DDD0032B1FD /* Build configuration list for PBXNativeTarget "Photon" */ = {
			isa = XCConfigurationList;
			buildConfigurations = (
				6EAC71C3302F6DDD0032B1FD /* Debug */,
				6EAC71C4302F6DDD0032B1FD /* Release */,
			);
			defaultConfigurationIsVisible = 0;
			defaultConfigurationName = Release;
		};
		6EAC71C5302F6DDD0032B1FD /* Build configuration list for PBXNativeTarget "PhotonTests" */ = {
			isa = XCConfigurationList;
			buildConfigurations = (
				6EAC71C6302F6DDD0032B1FD /* Debug */,
				6EAC71C7302F6DDD0032B1FD /* Release */,
			);
			defaultConfigurationIsVisible = 0;
			defaultConfigurationName = Release;
		};
		6EAC71C8302F6DDD0032B1FD /* Build configuration list for PBXNativeTarget "PhotonUITests" */ = {
			isa = XCConfigurationList;
			buildConfigurations = (
				6EAC71C9302F6DDD0032B1FD /* Debug */,
				6EAC71CA302F6DDD0032B1FD /* Release */,
			);
			defaultConfigurationIsVisible = 0;
			defaultConfigurationName = Release;
		};
/* End XCConfigurationList section */

/* Begin XCRemoteSwiftPackageReference section */
		C833BA79CBE71484EB279B11 /* XCRemoteSwiftPackageReference "swift-package-manager-google-mobile-ads" */ = {
			isa = XCRemoteSwiftPackageReference;
			repositoryURL = "https://github.com/googleads/swift-package-manager-google-mobile-ads.git";
			requirement = {
				kind = upToNextMajorVersion;
				minimumVersion = 11.13.0;
			};
		};
		D26296622A454939EDF093C5 /* XCRemoteSwiftPackageReference "firebase-ios-sdk" */ = {
			isa = XCRemoteSwiftPackageReference;
			repositoryURL = "https://github.com/firebase/firebase-ios-sdk";
			requirement = {
				kind = upToNextMajorVersion;
				minimumVersion = 11.8.0;
			};
		};
/* End XCRemoteSwiftPackageReference section */

/* Begin XCSwiftPackageProductDependency section */
		4A98A77E8FDE17E83AEB4B1D /* FirebaseAuth */ = {
			isa = XCSwiftPackageProductDependency;
			package = D26296622A454939EDF093C5 /* XCRemoteSwiftPackageReference "firebase-ios-sdk" */;
			productName = FirebaseAuth;
		};
		6E8A85DAB3152BCA54FDA43D /* FirebaseCore */ = {
			isa = XCSwiftPackageProductDependency;
			package = D26296622A454939EDF093C5 /* XCRemoteSwiftPackageReference "firebase-ios-sdk" */;
			productName = FirebaseCore;
		};
		9D3DD5B6EB95A16AB561CFCA /* GoogleMobileAds */ = {
			isa = XCSwiftPackageProductDependency;
			package = C833BA79CBE71484EB279B11 /* XCRemoteSwiftPackageReference "swift-package-manager-google-mobile-ads" */;
			productName = GoogleMobileAds;
		};
/* End XCSwiftPackageProductDependency section */
	};
	rootObject = 6EAC7199302F6DDC0032B1FD /* Project object */;
}
